// !$*UTF8*$!
{
	archiveVersion = 1;
	classes = {
	};
	objectVersion = 48;
	objects = {

/* Begin PBXBuildFile section */
		BEB5A9BD2087721F006D4E4C /* Profissional.swift in Sources */ = {isa = PBXBuildFile; fileRef = BEB5A9BC2087721E006D4E4C /* Profissional.swift */; };
		BEB5A9BF20877228006D4E4C /* Arquiteto.swift in Sources */ = {isa = PBXBuildFile; fileRef = BEB5A9BE20877228006D4E4C /* Arquiteto.swift */; };
		BEB5A9C120877233006D4E4C /* Engenheiro.swift in Sources */ = {isa = PBXBuildFile; fileRef = BEB5A9C020877233006D4E4C /* Engenheiro.swift */; };
		BEB5A9C320877242006D4E4C /* MestreDeObra.swift in Sources */ = {isa = PBXBuildFile; fileRef = BEB5A9C220877242006D4E4C /* MestreDeObra.swift */; };
		BEB5A9C52087724D006D4E4C /* Pedreiro.swift in Sources */ = {isa = PBXBuildFile; fileRef = BEB5A9C42087724D006D4E4C /* Pedreiro.swift */; };
		BEB5A9C720877259006D4E4C /* Servente.swift in Sources */ = {isa = PBXBuildFile; fileRef = BEB5A9C620877259006D4E4C /* Servente.swift */; };
		BED834AA20876F810082B2CC /* main.swift in Sources */ = {isa = PBXBuildFile; fileRef = BED834A920876F810082B2CC /* main.swift */; };
/* End PBXBuildFile section */

/* Begin PBXCopyFilesBuildPhase section */
		BED834A420876F810082B2CC /* CopyFiles */ = {
			isa = PBXCopyFilesBuildPhase;
			buildActionMask = 2147483647;
			dstPath = /usr/share/man/man1/;
			dstSubfolderSpec = 0;
			files = (
			);
			runOnlyForDeploymentPostprocessing = 1;
		};
/* End PBXCopyFilesBuildPhase section */

/* Begin PBXFileReference section */
		BEB5A9BC2087721E006D4E4C /* Profissional.swift */ = {isa = PBXFileReference; lastKnownFileType = sourcecode.swift; path = Profissional.swift; sourceTree = "<group>"; };
		BEB5A9BE20877228006D4E4C /* Arquiteto.swift */ = {isa = PBXFileReference; lastKnownFileType = sourcecode.swift; path = Arquiteto.swift; sourceTree = "<group>"; };
		BEB5A9C020877233006D4E4C /* Engenheiro.swift */ = {isa = PBXFileReference; lastKnownFileType = sourcecode.swift; path = Engenheiro.swift; sourceTree = "<group>"; };
		BEB5A9C220877242006D4E4C /* MestreDeObra.swift */ = {isa = PBXFileReference; lastKnownFileType = sourcecode.swift; path = MestreDeObra.swift; sourceTree = "<group>"; };
		BEB5A9C42087724D006D4E4C /* Pedreiro.swift */ = {isa = PBXFileReference; lastKnownFileType = sourcecode.swift; path = Pedreiro.swift; sourceTree = "<group>"; };
		BEB5A9C620877259006D4E4C /* Servente.swift */ = {isa = PBXFileReference; lastKnownFileType = sourcecode.swift; path = Servente.swift; sourceTree = "<group>"; };
		BED834A620876F810082B2CC /* Empreiteira */ = {isa = PBXFileReference; explicitFileType = "compiled.mach-o.executable"; includeInIndex = 0; path = Empreiteira; sourceTree = BUILT_PRODUCTS_DIR; };
		BED834A920876F810082B2CC /* main.swift */ = {isa = PBXFileReference; lastKnownFileType = sourcecode.swift; path = main.swift; sourceTree = "<group>"; };
/* End PBXFileReference section */

/* Begin PBXFrameworksBuildPhase section */
		BED834A320876F810082B2CC /* Frameworks */ = {
			isa = PBXFrameworksBuildPhase;
			buildActionMask = 2147483647;
			files = (
			);
			runOnlyForDeploymentPostprocessing = 0;
		};
/* End PBXFrameworksBuildPhase section */

/* Begin PBXGroup section */
		BEB5A9BB208771DA006D4E4C /* Profissionais */ = {
			isa = PBXGroup;
			children = (
				BEB5A9BC2087721E006D4E4C /* Profissional.swift */,
				BEB5A9BE20877228006D4E4C /* Arquiteto.swift */,
				BEB5A9C020877233006D4E4C /* Engenheiro.swift */,
				BEB5A9C220877242006D4E4C /* MestreDeObra.swift */,
				BEB5A9C42087724D006D4E4C /* Pedreiro.swift */,
				BEB5A9C620877259006D4E4C /* Servente.swift */,
			);
			path = Profissionais;
			sourceTree = "<group>";
		};
		BED8349D20876F810082B2CC = {
			isa = PBXGroup;
			children = (
				BED834A820876F810082B2CC /* Empreiteira */,
				BED834A720876F810082B2CC /* Products */,
			);
			sourceTree = "<group>";
		};
		BED834A720876F810082B2CC /* Products */ = {
			isa = PBXGroup;
			children = (
				BED834A620876F810082B2CC /* Empreiteira */,
			);
			name = Products;
			sourceTree = "<group>";
		};
		BED834A820876F810082B2CC /* Empreiteira */ = {
			isa = PBXGroup;
			children = (
				BEB5A9BB208771DA006D4E4C /* Profissionais */,
				BED834A920876F810082B2CC /* main.swift */,
			);
			path = Empreiteira;
			sourceTree = "<group>";
		};
/* End PBXGroup section */

/* Begin PBXNativeTarget section */
		BED834A520876F810082B2CC /* Empreiteira */ = {
			isa = PBXNativeTarget;
			buildConfigurationList = BED834AD20876F810082B2CC /* Build configuration list for PBXNativeTarget "Empreiteira" */;
			buildPhases = (
				BED834A220876F810082B2CC /* Sources */,
				BED834A320876F810082B2CC /* Frameworks */,
				BED834A420876F810082B2CC /* CopyFiles */,
			);
			buildRules = (
			);
			dependencies = (
			);
			name = Empreiteira;
			productName = Empreiteira;
			productReference = BED834A620876F810082B2CC /* Empreiteira */;
			productType = "com.apple.product-type.tool";
		};
/* End PBXNativeTarget section */

/* Begin PBXProject section */
		BED8349E20876F810082B2CC /* Project object */ = {
			isa = PBXProject;
			attributes = {
				LastSwiftUpdateCheck = 0920;
				LastUpgradeCheck = 0920;
				ORGANIZATIONNAME = Academy;
				TargetAttributes = {
					BED834A520876F810082B2CC = {
						CreatedOnToolsVersion = 9.2;
						ProvisioningStyle = Automatic;
					};
				};
			};
			buildConfigurationList = BED834A120876F810082B2CC /* Build configuration list for PBXProject "Empreiteira" */;
			compatibilityVersion = "Xcode 8.0";
			developmentRegion = en;
			hasScannedForEncodings = 0;
			knownRegions = (
				en,
			);
			mainGroup = BED8349D20876F810082B2CC;
			productRefGroup = BED834A720876F810082B2CC /* Products */;
			projectDirPath = "";
			projectRoot = "";
			targets = (
				BED834A520876F810082B2CC /* Empreiteira */,
			);
		};
/* End PBXProject section */

/* Begin PBXSourcesBuildPhase section */
		BED834A220876F810082B2CC /* Sources */ = {
			isa = PBXSourcesBuildPhase;
			buildActionMask = 2147483647;
			files = (
				BEB5A9C720877259006D4E4C /* Servente.swift in Sources */,
				BEB5A9BF20877228006D4E4C /* Arquiteto.swift in Sources */,
				BEB5A9BD2087721F006D4E4C /* Profissional.swift in Sources */,
				BED834AA20876F810082B2CC /* main.swift in Sources */,
				BEB5A9C52087724D006D4E4C /* Pedreiro.swift in Sources */,
				BEB5A9C120877233006D4E4C /* Engenheiro.swift in Sources */,
				BEB5A9C320877242006D4E4C /* MestreDeObra.swift in Sources */,
			);
			runOnlyForDeploymentPostprocessing = 0;
		};
/* End PBXSourcesBuildPhase section */

/* Begin XCBuildConfiguration section */
		BED834AB20876F810082B2CC /* Debug */ = {
			isa = XCBuildConfiguration;
			buildSettings = {
				ALWAYS_SEARCH_USER_PATHS = NO;
				CLANG_ANALYZER_NONNULL = YES;
				CLANG_ANALYZER_NUMBER_OBJECT_CONVERSION = YES_AGGRESSIVE;
				CLANG_CXX_LANGUAGE_STANDARD = "gnu++14";
				CLANG_CXX_LIBRARY = "libc++";
				CLANG_ENABLE_MODULES = YES;
				CLANG_ENABLE_OBJC_ARC = YES;
				CLANG_WARN_BLOCK_CAPTURE_AUTORELEASING = YES;
				CLANG_WARN_BOOL_CONVERSION = YES;
				CLANG_WARN_COMMA = YES;
				CLANG_WARN_CONSTANT_CONVERSION = YES;
				CLANG_WARN_DIRECT_OBJC_ISA_USAGE = YES_ERROR;
				CLANG_WARN_DOCUMENTATION_COMMENTS = YES;
				CLANG_WARN_EMPTY_BODY = YES;
				CLANG_WARN_ENUM_CONVERSION = YES;
				CLANG_WARN_INFINITE_RECURSION = YES;
				CLANG_WARN_INT_CONVERSION = YES;
				CLANG_WARN_NON_LITERAL_NULL_CONVERSION = YES;
				CLANG_WARN_OBJC_LITERAL_CONVERSION = YES;
				CLANG_WARN_OBJC_ROOT_CLASS = YES_ERROR;
				CLANG_WARN_RANGE_LOOP_ANALYSIS = YES;
				CLANG_WARN_STRICT_PROTOTYPES = YES;
				CLANG_WARN_SUSPICIOUS_MOVE = YES;
				CLANG_WARN_UNGUARDED_AVAILABILITY = YES_AGGRESSIVE;
				CLANG_WARN_UNREACHABLE_CODE = YES;
				CLANG_WARN__DUPLICATE_METHOD_MATCH = YES;
				CODE_SIGN_IDENTITY = "-";
				COPY_PHASE_STRIP = NO;
				DEBUG_INFORMATION_FORMAT = dwarf;
				ENABLE_STRICT_OBJC_MSGSEND = YES;
				ENABLE_TESTABILITY = YES;
				GCC_C_LANGUAGE_STANDARD = gnu11;
				GCC_DYNAMIC_NO_PIC = NO;
				GCC_NO_COMMON_BLOCKS = YES;
				GCC_OPTIMIZATION_LEVEL = 0;
				GCC_PREPROCESSOR_DEFINITIONS = (
					"DEBUG=1",
					"$(inherited)",
				);
				GCC_WARN_64_TO_32_BIT_CONVERSION = YES;
				GCC_WARN_ABOUT_RETURN_TYPE = YES_ERROR;
				GCC_WARN_UNDECLARED_SELECTOR = YES;
				GCC_WARN_UNINITIALIZED_AUTOS = YES_AGGRESSIVE;
				GCC_WARN_UNUSED_FUNCTION = YES;
				GCC_WARN_UNUSED_VARIABLE = YES;
				MACOSX_DEPLOYMENT_TARGET = 10.12;
				MTL_ENABLE_DEBUG_INFO = YES;
				ONLY_ACTIVE_ARCH = YES;
				SDKROOT = macosx;
				SWIFT_ACTIVE_COMPILATION_CONDITIONS = DEBUG;
				SWIFT_OPTIMIZATION_LEVEL = "-Onone";
			};
			name = Debug;
		};
		BED834AC20876F810082B2CC /* Release */ = {
			isa = XCBuildConfiguration;
			buildSettings = {
				ALWAYS_SEARCH_USER_PATHS = NO;
				CLANG_ANALYZER_NONNULL = YES;
				CLANG_ANALYZER_NUMBER_OBJECT_CONVERSION = YES_AGGRESSIVE;
				CLANG_CXX_LANGUAGE_STANDARD = "gnu++14";
				CLANG_CXX_LIBRARY = "libc++";
				CLANG_ENABLE_MODULES = YES;
				CLANG_ENABLE_OBJC_ARC = YES;
				CLANG_WARN_BLOCK_CAPTURE_AUTORELEASING = YES;
				CLANG_WARN_BOOL_CONVERSION = YES;
				CLANG_WARN_COMMA = YES;
				CLANG_WARN_CONSTANT_CONVERSION = YES;
				CLANG_WARN_DIRECT_OBJC_ISA_USAGE = YES_ERROR;
				CLANG_WARN_DOCUMENTATION_COMMENTS = YES;
				CLANG_WARN_EMPTY_BODY = YES;
				CLANG_WARN_ENUM_CONVERSION = YES;
				CLANG_WARN_INFINITE_RECURSION = YES;
				CLANG_WARN_INT_CONVERSION = YES;
				CLANG_WARN_NON_LITERAL_NULL_CONVERSION = YES;
				CLANG_WARN_OBJC_LITERAL_CONVERSION = YES;
				CLANG_WARN_OBJC_ROOT_CLASS = YES_ERROR;
				CLANG_WARN_RANGE_LOOP_ANALYSIS = YES;
				CLANG_WARN_STRICT_PROTOTYPES = YES;
				CLANG_WARN_SUSPICIOUS_MOVE = YES;
				CLANG_WARN_UNGUARDED_AVAILABILITY = YES_AGGRESSIVE;
				CLANG_WARN_UNREACHABLE_CODE = YES;
				CLANG_WARN__DUPLICATE_METHOD_MATCH = YES;
				CODE_SIGN_IDENTITY = "-";
				COPY_PHASE_STRIP = NO;
				DEBUG_INFORMATION_FORMAT = "dwarf-with-dsym";
				ENABLE_NS_ASSERTIONS = NO;
				ENABLE_STRICT_OBJC_MSGSEND = YES;
				GCC_C_LANGUAGE_STANDARD = gnu11;
				GCC_NO_COMMON_BLOCKS = YES;
				GCC_WARN_64_TO_32_BIT_CONVERSION = YES;
				GCC_WARN_ABOUT_RETURN_TYPE = YES_ERROR;
				GCC_WARN_UNDECLARED_SELECTOR = YES;
				GCC_WARN_UNINITIALIZED_AUTOS = YES_AGGRESSIVE;
				GCC_WARN_UNUSED_FUNCTION = YES;
				GCC_WARN_UNUSED_VARIABLE = YES;
				MACOSX_DEPLOYMENT_TARGET = 10.12;
				MTL_ENABLE_DEBUG_INFO = NO;
				SDKROOT = macosx;
				SWIFT_OPTIMIZATION_LEVEL = "-Owholemodule";
			};
			name = Release;
		};
		BED834AE20876F810082B2CC /* Debug */ = {
			isa = XCBuildConfiguration;
			buildSettings = {
				CODE_SIGN_STYLE = Automatic;
				PRODUCT_NAME = "$(TARGET_NAME)";
				SWIFT_VERSION = 4.0;
			};
			name = Debug;
		};
		BED834AF20876F810082B2CC /* Release */ = {
			isa = XCBuildConfiguration;
			buildSettings = {
				CODE_SIGN_STYLE = Automatic;
				PRODUCT_NAME = "$(TARGET_NAME)";
				SWIFT_VERSION = 4.0;
			};
			name = Release;
		};
/* End XCBuildConfiguration section */

/* Begin XCConfigurationList section */
		BED834A120876F810082B2CC /* Build configuration list for PBXProject "Empreiteira" */ = {
			isa = XCConfigurationList;
			buildConfigurations = (
				BED834AB20876F810082B2CC /* Debug */,
				BED834AC20876F810082B2CC /* Release */,
			);
			defaultConfigurationIsVisible = 0;
			defaultConfigurationName = Release;
		};
		BED834AD20876F810082B2CC /* Build configuration list for PBXNativeTarget "Empreiteira" */ = {
			isa = XCConfigurationList;
			buildConfigurations = (
				BED834AE20876F810082B2CC /* Debug */,
				BED834AF20876F810082B2CC /* Release */,
			);
			defaultConfigurationIsVisible = 0;
			defaultConfigurationName = Release;
		};
/* End XCConfigurationList section */
	};
	rootObject = BED8349E20876F810082B2CC /* Project object */;
}
